
Microsoft Visual Studio Solution File, Format Version 11.00
# Visual Studio 2010
Project("{FAE04EC0-301F-11D3-BF4B-00C04F79EFBC}") = "IRL.Web", "IRL.Web\IRL.Web.csproj", "{8A2046F2-1365-4E0D-870E-544D3BDD5E64}"
EndProject
Project("{FAE04EC0-301F-11D3-BF4B-00C04F79EFBC}") = "IRL.Controllers", "IRL.Controllers\IRL.Controllers.csproj", "{B4FE658B-CC1E-4424-B0A0-16871DB9BE73}"
EndProject
Project("{FAE04EC0-301F-11D3-BF4B-00C04F79EFBC}") = "Common.Web.Mvc", "Common.Web.Mvc\Common.Web.Mvc.csproj", "{8FDFE028-89DC-488B-87ED-344FCE452C6E}"
EndProject
Project("{FAE04EC0-301F-11D3-BF4B-00C04F79EFBC}") = "Common.Data", "Common.Data\Common.Data.csproj", "{3946BB5C-7C14-458A-97B0-87FAFFC74FF8}"
EndProject
Project("{FAE04EC0-301F-11D3-BF4B-00C04F79EFBC}") = "Common.Core", "Common.Core\Common.Core.csproj", "{2E8C4824-69BE-4376-99FC-9772896C9318}"
EndProject
Project("{FAE04EC0-301F-11D3-BF4B-00C04F79EFBC}") = "IRL.Data.AdventureWorks", "IRL.Data.AdventureWorks\IRL.Data.AdventureWorks.csproj", "{200858A3-E862-4486-8F8F-A571AC5ACF5F}"
EndProject
Project("{FAE04EC0-301F-11D3-BF4B-00C04F79EFBC}") = "IRL.Model.AdventureWorks", "IRL.Model.AdventureWorks\IRL.Model.AdventureWorks.csproj", "{2AAA67ED-9ACA-478E-8FE3-7213571FC070}"
EndProject
Project("{FAE04EC0-301F-11D3-BF4B-00C04F79EFBC}") = "IRL.Services", "IRL.Services\IRL.Services.csproj", "{BDACF195-86D6-4F2D-A9EC-66B2723F53AD}"
EndProject
Project("{2150E333-8FDC-42A3-9474-1A3956D46DE8}") = "Services", "Services", "{F51887AB-7403-4CE0-A2E8-FB80C1842A50}"
EndProject
Project("{2150E333-8FDC-42A3-9474-1A3956D46DE8}") = "Common", "Common", "{137BCE58-B937-4C6B-AB4A-F6F86677A417}"
EndProject
Project("{2150E333-8FDC-42A3-9474-1A3956D46DE8}") = "Web", "Web", "{2BE50703-7252-470C-AE07-37D9147C185A}"
EndProject
Project("{2150E333-8FDC-42A3-9474-1A3956D46DE8}") = "Data", "Data", "{E3905D6E-68E9-42C9-B9FE-B16AC2EF6AD3}"
EndProject
Project("{FAE04EC0-301F-11D3-BF4B-00C04F79EFBC}") = "IRL.Data.Repositories.AdventureWorks", "IRL.Data.Repositories.AdventureWorks\IRL.Data.Repositories.AdventureWorks.csproj", "{7028B7A3-4448-484B-BFBA-67C11DFB107C}"
EndProject
Project("{FAE04EC0-301F-11D3-BF4B-00C04F79EFBC}") = "IRL.Dtos", "IRL.Dtos\IRL.Dtos.csproj", "{E9C0472D-0FE3-46C9-AFB6-0BD9DFC9369B}"
EndProject
Project("{FAE04EC0-301F-11D3-BF4B-00C04F79EFBC}") = "IRL.Data.Security", "IRL.Data.Security\IRL.Data.Security.csproj", "{7AAC77C8-212A-4C92-B856-EAB74D68FB71}"
EndProject
Project("{FAE04EC0-301F-11D3-BF4B-00C04F79EFBC}") = "IRL.Data.Repositories.Security", "IRL.Data.Repositories.Security\IRL.Data.Repositories.Security.csproj", "{85A7889E-0682-48AB-BE95-7FF9F8596E8B}"
EndProject
Project("{FAE04EC0-301F-11D3-BF4B-00C04F79EFBC}") = "IRL.Model.Security", "IRL.Model.Security\IRL.Model.Security.csproj", "{C9A7BF45-9805-418D-9BD8-F131C2C4EF76}"
EndProject
Project("{2150E333-8FDC-42A3-9474-1A3956D46DE8}") = "Security", "Security", "{36EBD689-2438-40FD-8DF1-8ED340C53BC6}"
EndProject
Project("{2150E333-8FDC-42A3-9474-1A3956D46DE8}") = "AdventureWorks", "AdventureWorks", "{13129268-331C-42B0-864B-D52382A70C9F}"
EndProject
Project("{FAE04EC0-301F-11D3-BF4B-00C04F79EFBC}") = "IRL.Mvc", "IRL.Mvc\IRL.Mvc.csproj", "{657BA51D-8464-4121-994C-534320BF534A}"
EndProject
Global
	GlobalSection(SolutionConfigurationPlatforms) = preSolution
		Debug|Any CPU = Debug|Any CPU
		Release|Any CPU = Release|Any CPU
	EndGlobalSection
	GlobalSection(ProjectConfigurationPlatforms) = postSolution
		{8A2046F2-1365-4E0D-870E-544D3BDD5E64}.Debug|Any CPU.ActiveCfg = Debug|Any CPU
		{8A2046F2-1365-4E0D-870E-544D3BDD5E64}.Debug|Any CPU.Build.0 = Debug|Any CPU
		{8A2046F2-1365-4E0D-870E-544D3BDD5E64}.Release|Any CPU.ActiveCfg = Release|Any CPU
		{8A2046F2-1365-4E0D-870E-544D3BDD5E64}.Release|Any CPU.Build.0 = Release|Any CPU
		{B4FE658B-CC1E-4424-B0A0-16871DB9BE73}.Debug|Any CPU.ActiveCfg = Debug|Any CPU
		{B4FE658B-CC1E-4424-B0A0-16871DB9BE73}.Debug|Any CPU.Build.0 = Debug|Any CPU
		{B4FE658B-CC1E-4424-B0A0-16871DB9BE73}.Release|Any CPU.ActiveCfg = Release|Any CPU
		{B4FE658B-CC1E-4424-B0A0-16871DB9BE73}.Release|Any CPU.Build.0 = Release|Any CPU
		{8FDFE028-89DC-488B-87ED-344FCE452C6E}.Debug|Any CPU.ActiveCfg = Debug|Any CPU
		{8FDFE028-89DC-488B-87ED-344FCE452C6E}.Debug|Any CPU.Build.0 = Debug|Any CPU
		{8FDFE028-89DC-488B-87ED-344FCE452C6E}.Release|Any CPU.ActiveCfg = Release|Any CPU
		{8FDFE028-89DC-488B-87ED-344FCE452C6E}.Release|Any CPU.Build.0 = Release|Any CPU
		{3946BB5C-7C14-458A-97B0-87FAFFC74FF8}.Debug|Any CPU.ActiveCfg = Debug|Any CPU
		{3946BB5C-7C14-458A-97B0-87FAFFC74FF8}.Debug|Any CPU.Build.0 = Debug|Any CPU
		{3946BB5C-7C14-458A-97B0-87FAFFC74FF8}.Release|Any CPU.ActiveCfg = Release|Any CPU
		{3946BB5C-7C14-458A-97B0-87FAFFC74FF8}.Release|Any CPU.Build.0 = Release|Any CPU
		{2E8C4824-69BE-4376-99FC-9772896C9318}.Debug|Any CPU.ActiveCfg = Debug|Any CPU
		{2E8C4824-69BE-4376-99FC-9772896C9318}.Debug|Any CPU.Build.0 = Debug|Any CPU
		{2E8C4824-69BE-4376-99FC-9772896C9318}.Release|Any CPU.ActiveCfg = Release|Any CPU
		{2E8C4824-69BE-4376-99FC-9772896C9318}.Release|Any CPU.Build.0 = Release|Any CPU
		{200858A3-E862-4486-8F8F-A571AC5ACF5F}.Debug|Any CPU.ActiveCfg = Debug|Any CPU
		{200858A3-E862-4486-8F8F-A571AC5ACF5F}.Debug|Any CPU.Build.0 = Debug|Any CPU
		{200858A3-E862-4486-8F8F-A571AC5ACF5F}.Release|Any CPU.ActiveCfg = Release|Any CPU
		{200858A3-E862-4486-8F8F-A571AC5ACF5F}.Release|Any CPU.Build.0 = Release|Any CPU
		{2AAA67ED-9ACA-478E-8FE3-7213571FC070}.Debug|Any CPU.ActiveCfg = Debug|Any CPU
		{2AAA67ED-9ACA-478E-8FE3-7213571FC070}.Debug|Any CPU.Build.0 = Debug|Any CPU
		{2AAA67ED-9ACA-478E-8FE3-7213571FC070}.Release|Any CPU.ActiveCfg = Release|Any CPU
		{2AAA67ED-9ACA-478E-8FE3-7213571FC070}.Release|Any CPU.Build.0 = Release|Any CPU
		{BDACF195-86D6-4F2D-A9EC-66B2723F53AD}.Debug|Any CPU.ActiveCfg = Debug|Any CPU
		{BDACF195-86D6-4F2D-A9EC-66B2723F53AD}.Debug|Any CPU.Build.0 = Debug|Any CPU
		{BDACF195-86D6-4F2D-A9EC-66B2723F53AD}.Release|Any CPU.ActiveCfg = Release|Any CPU
		{BDACF195-86D6-4F2D-A9EC-66B2723F53AD}.Release|Any CPU.Build.0 = Release|Any CPU
		{7028B7A3-4448-484B-BFBA-67C11DFB107C}.Debug|Any CPU.ActiveCfg = Debug|Any CPU
		{7028B7A3-4448-484B-BFBA-67C11DFB107C}.Debug|Any CPU.Build.0 = Debug|Any CPU
		{7028B7A3-4448-484B-BFBA-67C11DFB107C}.Release|Any CPU.ActiveCfg = Release|Any CPU
		{7028B7A3-4448-484B-BFBA-67C11DFB107C}.Release|Any CPU.Build.0 = Release|Any CPU
		{E9C0472D-0FE3-46C9-AFB6-0BD9DFC9369B}.Debug|Any CPU.ActiveCfg = Debug|Any CPU
		{E9C0472D-0FE3-46C9-AFB6-0BD9DFC9369B}.Debug|Any CPU.Build.0 = Debug|Any CPU
		{E9C0472D-0FE3-46C9-AFB6-0BD9DFC9369B}.Release|Any CPU.ActiveCfg = Release|Any CPU
		{E9C0472D-0FE3-46C9-AFB6-0BD9DFC9369B}.Release|Any CPU.Build.0 = Release|Any CPU
		{7AAC77C8-212A-4C92-B856-EAB74D68FB71}.Debug|Any CPU.ActiveCfg = Debug|Any CPU
		{7AAC77C8-212A-4C92-B856-EAB74D68FB71}.Debug|Any CPU.Build.0 = Debug|Any CPU
		{7AAC77C8-212A-4C92-B856-EAB74D68FB71}.Release|Any CPU.ActiveCfg = Release|Any CPU
		{7AAC77C8-212A-4C92-B856-EAB74D68FB71}.Release|Any CPU.Build.0 = Release|Any CPU
		{85A7889E-0682-48AB-BE95-7FF9F8596E8B}.Debug|Any CPU.ActiveCfg = Debug|Any CPU
		{85A7889E-0682-48AB-BE95-7FF9F8596E8B}.Debug|Any CPU.Build.0 = Debug|Any CPU
		{85A7889E-0682-48AB-BE95-7FF9F8596E8B}.Release|Any CPU.ActiveCfg = Release|Any CPU
		{85A7889E-0682-48AB-BE95-7FF9F8596E8B}.Release|Any CPU.Build.0 = Release|Any CPU
		{C9A7BF45-9805-418D-9BD8-F131C2C4EF76}.Debug|Any CPU.ActiveCfg = Debug|Any CPU
		{C9A7BF45-9805-418D-9BD8-F131C2C4EF76}.Debug|Any CPU.Build.0 = Debug|Any CPU
		{C9A7BF45-9805-418D-9BD8-F131C2C4EF76}.Release|Any CPU.ActiveCfg = Release|Any CPU
		{C9A7BF45-9805-418D-9BD8-F131C2C4EF76}.Release|Any CPU.Build.0 = Release|Any CPU
		{657BA51D-8464-4121-994C-534320BF534A}.Debug|Any CPU.ActiveCfg = Debug|Any CPU
		{657BA51D-8464-4121-994C-534320BF534A}.Debug|Any CPU.Build.0 = Debug|Any CPU
		{657BA51D-8464-4121-994C-534320BF534A}.Release|Any CPU.ActiveCfg = Release|Any CPU
		{657BA51D-8464-4121-994C-534320BF534A}.Release|Any CPU.Build.0 = Release|Any CPU
	EndGlobalSection
	GlobalSection(SolutionProperties) = preSolution
		HideSolutionNode = FALSE
	EndGlobalSection
	GlobalSection(NestedProjects) = preSolution
		{B4FE658B-CC1E-4424-B0A0-16871DB9BE73} = {2BE50703-7252-470C-AE07-37D9147C185A}
		{8A2046F2-1365-4E0D-870E-544D3BDD5E64} = {2BE50703-7252-470C-AE07-37D9147C185A}
		{E9C0472D-0FE3-46C9-AFB6-0BD9DFC9369B} = {2BE50703-7252-470C-AE07-37D9147C185A}
		{657BA51D-8464-4121-994C-534320BF534A} = {2BE50703-7252-470C-AE07-37D9147C185A}
		{3946BB5C-7C14-458A-97B0-87FAFFC74FF8} = {137BCE58-B937-4C6B-AB4A-F6F86677A417}
		{2E8C4824-69BE-4376-99FC-9772896C9318} = {137BCE58-B937-4C6B-AB4A-F6F86677A417}
		{8FDFE028-89DC-488B-87ED-344FCE452C6E} = {137BCE58-B937-4C6B-AB4A-F6F86677A417}
		{13129268-331C-42B0-864B-D52382A70C9F} = {E3905D6E-68E9-42C9-B9FE-B16AC2EF6AD3}
		{36EBD689-2438-40FD-8DF1-8ED340C53BC6} = {E3905D6E-68E9-42C9-B9FE-B16AC2EF6AD3}
		{200858A3-E862-4486-8F8F-A571AC5ACF5F} = {13129268-331C-42B0-864B-D52382A70C9F}
		{7028B7A3-4448-484B-BFBA-67C11DFB107C} = {13129268-331C-42B0-864B-D52382A70C9F}
		{2AAA67ED-9ACA-478E-8FE3-7213571FC070} = {13129268-331C-42B0-864B-D52382A70C9F}
		{BDACF195-86D6-4F2D-A9EC-66B2723F53AD} = {F51887AB-7403-4CE0-A2E8-FB80C1842A50}
		{85A7889E-0682-48AB-BE95-7FF9F8596E8B} = {36EBD689-2438-40FD-8DF1-8ED340C53BC6}
		{C9A7BF45-9805-418D-9BD8-F131C2C4EF76} = {36EBD689-2438-40FD-8DF1-8ED340C53BC6}
		{7AAC77C8-212A-4C92-B856-EAB74D68FB71} = {36EBD689-2438-40FD-8DF1-8ED340C53BC6}
	EndGlobalSection
EndGlobal
